
Microsoft Visual Studio Solution File, Format Version 12.00
# Visual Studio Version 17
VisualStudioVersion = 17.2.32630.192
MinimumVisualStudioVersion = 10.0.40219.1
Project("{FAE04EC0-301F-11D3-BF4B-00C04F79EFBC}") = "MHSync", "MHSync\MHSync.csproj", "{52DE1000-6CC2-4C73-A275-A63634FE5493}"
EndProject
Global
	GlobalSection(SolutionConfigurationPlatforms) = preSolution
		Debug|Any CPU = Debug|Any CPU
		Release|Any CPU = Release|Any CPU
	EndGlobalSection
	GlobalSection(ProjectConfigurationPlatforms) = postSolution
		{52DE1000-6CC2-4C73-A275-A63634FE5493}.Debug|Any CPU.ActiveCfg = Debug|Any CPU
		{52DE1000-6CC2-4C73-A275-A63634FE5493}.Debug|Any CPU.Build.0 = Debug|Any CPU
		{52DE1000-6CC2-4C73-A275-A63634FE5493}.Release|Any CPU.ActiveCfg = Release|Any CPU
		{52DE1000-6CC2-4C73-A275-A63634FE5493}.Release|Any CPU.Build.0 = Release|Any CPU
	EndGlobalSection
	GlobalSection(SolutionProperties) = preSolution
		HideSolutionNode = FALSE
	EndGlobalSection
	GlobalSection(ExtensibilityGlobals) = postSolution
		SolutionGuid = {3B5B85C7-55E3-435D-9B91-13198C1136CE}
	EndGlobalSection
EndGlobal
