
Microsoft Visual Studio Solution File, Format Version 12.00
# Visual Studio Version 17
VisualStudioVersion = 17.2.32630.192
MinimumVisualStudioVersion = 10.0.40219.1
Project("{9A19103F-16F7-4668-BE54-9A1E7A4F7556}") = "HostedService", "HostedService\HostedService.csproj", "{B30DD127-BC58-47DC-AC78-E29340C1DFA0}"
EndProject
Global
	GlobalSection(SolutionConfigurationPlatforms) = preSolution
		Debug|Any CPU = Debug|Any CPU
		Release|Any CPU = Release|Any CPU
	EndGlobalSection
	GlobalSection(ProjectConfigurationPlatforms) = postSolution
		{B30DD127-BC58-47DC-AC78-E29340C1DFA0}.Debug|Any CPU.ActiveCfg = Debug|Any CPU
		{B30DD127-BC58-47DC-AC78-E29340C1DFA0}.Debug|Any CPU.Build.0 = Debug|Any CPU
		{B30DD127-BC58-47DC-AC78-E29340C1DFA0}.Release|Any CPU.ActiveCfg = Release|Any CPU
		{B30DD127-BC58-47DC-AC78-E29340C1DFA0}.Release|Any CPU.Build.0 = Release|Any CPU
	EndGlobalSection
	GlobalSection(SolutionProperties) = preSolution
		HideSolutionNode = FALSE
	EndGlobalSection
	GlobalSection(ExtensibilityGlobals) = postSolution
		SolutionGuid = {10D71366-3601-4B6B-B08C-B818C623E6A9}
	EndGlobalSection
EndGlobal
